# THIS IS AN AUTOGENERATED FILE. DO NOT EDIT THIS FILE DIRECTLY.
# yarn lockfile v1


"@types/validator@10.11.2":
  version "10.11.2"
  resolved "https://registry.yarnpkg.com/@types/validator/-/validator-10.11.2.tgz#48b60ca2cca927081f37a1ad1de3e25d04abc9f0"
  integrity sha512-k/ju1RsdP5ACFUWebqsyEy0avP5uNJCs2p3pmTHzOZdd4gMSAJTq7iUEHFY3tt3emBrPTm6oGvfZ4SzcqOgLPQ==

class-sanitizer@^0.0.5:
  version "0.0.5"
  resolved "https://registry.yarnpkg.com/class-sanitizer/-/class-sanitizer-0.0.5.tgz#1a0b357730328e0123cb6fea1cb2530aa3854c58"
  integrity sha1-Ggs1dzAyjgEjy2/qHLJTCqOFTFg=
  dependencies:
    validator "^5.1.0"

class-transformer@^0.2.3:
  version "0.2.3"
  resolved "https://registry.yarnpkg.com/class-transformer/-/class-transformer-0.2.3.tgz#598c92ca71dcca73f91ccb875d74a3847ccfa32d"
  integrity sha512-qsP+0xoavpOlJHuYsQJsN58HXSl8Jvveo+T37rEvCEeRfMWoytAyR0Ua/YsFgpM6AZYZ/og2PJwArwzJl1aXtQ==

class-validator@^0.10.0:
  version "0.10.0"
  resolved "https://registry.yarnpkg.com/class-validator/-/class-validator-0.10.0.tgz#5e5f8108fa200d5ce1906cd5537af102c072dbcd"
  integrity sha512-RvjxRlvoCvM/ojUq11j78ISpReGdBoMErdmDk1e27aQZK6ppSXq751UE6jB9JI7ayEnL6Nnmllzn/HXVSu3dmg==
  dependencies:
    "@types/validator" "10.11.2"
    google-libphonenumber "^3.1.6"
    validator "11.1.0"

google-libphonenumber@^3.1.6:
  version "3.2.2"
  resolved "https://registry.yarnpkg.com/google-libphonenumber/-/google-libphonenumber-3.2.2.tgz#3d9d7ba727e99a50812f21b0ed313723b76c5c54"
  integrity sha512-ubjGeosYPeusjYbUHy76lCniGTTI0k1rIFc+uKBX+jHQLDmWOSUtlFUxaeoLJ+Y+PAMM6dWp+C1HjHx5BI8kEw==

validator@11.1.0:
  version "11.1.0"
  resolved "https://registry.yarnpkg.com/validator/-/validator-11.1.0.tgz#ac18cac42e0aa5902b603d7a5d9b7827e2346ac4"
  integrity sha512-qiQ5ktdO7CD6C/5/mYV4jku/7qnqzjrxb3C/Q5wR3vGGinHTgJZN/TdFT3ZX4vXhX2R1PXx42fB1cn5W+uJ4lg==

validator@^5.1.0:
  version "5.7.0"
  resolved "https://registry.yarnpkg.com/validator/-/validator-5.7.0.tgz#7a87a58146b695ac486071141c0c49d67da05e5c"
  integrity sha1-eoelgUa2laxIYHEUHAxJ1n2gXlw=
