# THIS IS AN AUTOGENERATED FILE. DO NOT EDIT THIS FILE DIRECTLY.
# yarn lockfile v1


"@types/hashids@1.0.30":
  version "1.0.30"
  resolved "https://registry.yarnpkg.com/@types/hashids/-/hashids-1.0.30.tgz#c0a056b25c5b13c80bf330fb8d379ac4d4049999"
  integrity sha512-ESXJxz/GRY+SGa3n0WuWZLR0xM3k8LTr4+2xOoj/a0ZThglF/UfEeKVaMQNNFvFQ+mw3ng8LbC3gmJx/GmR5EQ==
  dependencies:
    "@types/node" "*"

"@types/node@*":
  version "12.7.4"
  resolved "https://registry.yarnpkg.com/@types/node/-/node-12.7.4.tgz#64db61e0359eb5a8d99b55e05c729f130a678b04"
  integrity sha512-W0+n1Y+gK/8G2P/piTkBBN38Qc5Q1ZSO6B5H3QmPCUewaiXOo2GCAWZ4ElZCcNhjJuBSUSLGFUJnmlCn5+nxOQ==

hashids@^2.0.0:
  version "2.0.1"
  resolved "https://registry.yarnpkg.com/hashids/-/hashids-2.0.1.tgz#cdee93b6de1a6f941c955084fe82658c4fba28da"
  integrity sha512-Hr1lPEGhCkZSniYj9jAj8gQtcTBKNhf/tF14R1tu3zvIcwCT89/ucHEyObSIUZ42Y30SlIfOt7Sq0Uw+rhs6iQ==
